lockfileVersion: '9.0'

settings:
  autoInstallPeers: true
  excludeLinksFromLockfile: false

catalogs:
  build:
    '@vitejs/plugin-react':
      specifier: ^4.3.3
      version: 4.7.0
    tsup:
      specifier: ^8.3.5
      version: 8.5.0
    vite:
      specifier: ^5.4.10
      version: 5.4.21
  core:
    '@types/react':
      specifier: ^18.3.12
      version: 18.3.26
    '@types/react-dom':
      specifier: ^18.3.1
      version: 18.3.7
  quality:
    '@typescript-eslint/eslint-plugin':
      specifier: ^8.15.0
      version: 8.46.3
    '@typescript-eslint/parser':
      specifier: ^8.15.0
      version: 8.46.3
    eslint:
      specifier: ^9.15.0
      version: 9.39.1
    eslint-config-prettier:
      specifier: ^9.1.0
      version: 9.1.2
    eslint-plugin-react:
      specifier: ^7.36.1
      version: 7.37.5
    eslint-plugin-react-hooks:
      specifier: ^5.0.0
      version: 5.2.0
    prettier:
      specifier: ^3.3.3
      version: 3.6.2
  storybook:
    '@storybook/addon-a11y':
      specifier: ^8.3.5
      version: 8.6.14
    '@storybook/addon-docs':
      specifier: ^8.3.5
      version: 8.6.14
    '@storybook/addon-essentials':
      specifier: ^8.3.5
      version: 8.6.14
    '@storybook/addon-interactions':
      specifier: ^8.3.5
      version: 8.6.14
    '@storybook/react-vite':
      specifier: ^8.3.5
      version: 8.6.14
    '@storybook/test':
      specifier: ^8.3.5
      version: 8.6.14
    '@storybook/test-runner':
      specifier: ^0.23.0
      version: 0.23.0
    chromatic:
      specifier: ^11.12.6
      version: 11.29.0
    storybook:
      specifier: ^8.3.5
      version: 8.6.14
  testing:
    '@axe-core/react':
      specifier: ^4.10.0
      version: 4.11.0
    '@testing-library/jest-dom':
      specifier: ^6.6.3
      version: 6.9.1
    '@testing-library/react':
      specifier: ^16.0.1
      version: 16.3.0
    '@testing-library/user-event':
      specifier: ^14.5.2
      version: 14.6.1
    axe-core:
      specifier: ^4.10.0
      version: 4.11.0
    jest-axe:
      specifier: ^9.0.0
      version: 9.0.0
    jsdom:
      specifier: ^25.0.1
      version: 25.0.1
    vitest:
      specifier: ^2.1.5
      version: 2.1.9
  tooling:
    '@changesets/changelog-github':
      specifier: ^0.5.1
      version: 0.5.1
    '@changesets/cli':
      specifier: ^2.29.7
      version: 2.29.7
    bundlesize:
      specifier: ^0.18.2
      version: 0.18.2
    husky:
      specifier: ^9.1.6
      version: 9.1.7
    rimraf:
      specifier: ^6.0.1
      version: 6.1.0
  typescript:
    '@types/node':
      specifier: ^22.8.7
      version: 22.19.0

overrides:
  typescript: ^5.4.5
  source-map: ^0.7.6
